<?xml version="1.0" encoding="utf-8"?>
<Project ToolsVersion="4.0" xmlns="http://schemas.microsoft.com/developer/msbuild/2003">
  <ItemGroup>
    <Filter Include="Source Files">
      <UniqueIdentifier>{541f572f-d6cd-40f5-8161-3e0d93bfc58d}</UniqueIdentifier>
      <Extensions>cpp;c;cxx;def;r;odl;hpj;bat;for;f90</Extensions>
    </Filter>
    <Filter Include="Header Files">
      <UniqueIdentifier>{056f5854-dd44-4bbf-8ffc-f00fc720276e}</UniqueIdentifier>
      <Extensions>h;hpp;hxx;inl;fi;fd</Extensions>
    </Filter>
    <Filter Include="Resource Files">
      <UniqueIdentifier>{dc320699-e1cd-41e2-a844-dc3be6ef419c}</UniqueIdentifier>
      <Extensions>rc;ico;cur;bmp;dlg;rc2;rct;cnt;rtf;gif;jpg;jpeg;jpe</Extensions>
    </Filter>
  </ItemGroup>
  <ItemGroup>
    <ClCompile Include="MUTEXDLG.CPP">
      <Filter>Source Files</Filter>
    </ClCompile>
    <ClCompile Include="MUTEXES.CPP">
      <Filter>Source Files</Filter>
    </ClCompile>
    <ClCompile Include="STDAFX.CPP">
      <Filter>Source Files</Filter>
    </ClCompile>
    <ClCompile Include="THREADS.CPP">
      <Filter>Source Files</Filter>
    </ClCompile>
  </ItemGroup>
  <ItemGroup>
    <ResourceCompile Include="mutexes.rc">
      <Filter>Resource Files</Filter>
    </ResourceCompile>
  </ItemGroup>
  <ItemGroup>
    <CustomBuild Include="MUTEXDLG.H">
      <Filter>Header Files</Filter>
    </CustomBuild>
    <CustomBuild Include="MUTEXES.H">
      <Filter>Header Files</Filter>
    </CustomBuild>
    <CustomBuild Include="STDAFX.H">
      <Filter>Header Files</Filter>
    </CustomBuild>
    <CustomBuild Include="THREADS.H">
      <Filter>Header Files</Filter>
    </CustomBuild>
    <CustomBuild Include="res\mutexes.ico">
      <Filter>Resource Files</Filter>
    </CustomBuild>
    <CustomBuild Include="res\mutexes.rc2">
      <Filter>Resource Files</Filter>
    </CustomBuild>
  </ItemGroup>
</Project>