<?xml version="1.0" encoding="utf-8"?>
<Project ToolsVersion="4.0" xmlns="http://schemas.microsoft.com/developer/msbuild/2003">
  <ItemGroup>
    <Filter Include="Source Files">
      <UniqueIdentifier>{6e946882-93a6-4a30-9ad3-753d40362b4e}</UniqueIdentifier>
      <Extensions>cpp;c;cxx;def;r;odl;idl;hpj;bat</Extensions>
    </Filter>
    <Filter Include="Header Files">
      <UniqueIdentifier>{c9975c2d-8a54-46bb-9bac-14a1be75f32d}</UniqueIdentifier>
      <Extensions>h;hpp;hxx;hm;inl</Extensions>
    </Filter>
    <Filter Include="Resource Files">
      <UniqueIdentifier>{2b40c59f-a50d-43e1-86ac-7c0771164613}</UniqueIdentifier>
      <Extensions>ico;cur;bmp;dlg;rc;rc2;rct;bin;rgs;gif;jpg;jpeg;jpe</Extensions>
    </Filter>
  </ItemGroup>
  <ItemGroup>
    <ClCompile Include="PolyCtl.cpp">
      <Filter>Source Files</Filter>
    </ClCompile>
    <ClCompile Include="Polygon.cpp">
      <Filter>Source Files</Filter>
    </ClCompile>
    <ClCompile Include="PolyProp.cpp">
      <Filter>Source Files</Filter>
    </ClCompile>
    <ClCompile Include="StdAfx.cpp">
      <Filter>Source Files</Filter>
    </ClCompile>
  </ItemGroup>
  <ItemGroup>
    <None Include="Polygon.def">
      <Filter>Source Files</Filter>
    </None>
    <None Include="PolyCtl.rgs">
      <Filter>Resource Files</Filter>
    </None>
    <None Include="Polygon.rgs">
      <Filter>Resource Files</Filter>
    </None>
    <None Include="PolyProp.rgs">
      <Filter>Resource Files</Filter>
    </None>
    <None Include="ReadMe.htm" />
  </ItemGroup>
  <ItemGroup>
    <Midl Include="Polygon.idl">
      <Filter>Source Files</Filter>
    </Midl>
  </ItemGroup>
  <ItemGroup>
    <ClInclude Include="PolyCtl.h">
      <Filter>Header Files</Filter>
    </ClInclude>
    <ClInclude Include="PolygonCP.h">
      <Filter>Header Files</Filter>
    </ClInclude>
    <ClInclude Include="PolyProp.h">
      <Filter>Header Files</Filter>
    </ClInclude>
    <ClInclude Include="Resource.h">
      <Filter>Header Files</Filter>
    </ClInclude>
    <ClInclude Include="StdAfx.h">
      <Filter>Header Files</Filter>
    </ClInclude>
  </ItemGroup>
  <ItemGroup>
    <ResourceCompile Include="Polygon.rc">
      <Filter>Resource Files</Filter>
    </ResourceCompile>
  </ItemGroup>
</Project>