<?xml version="1.0" encoding="utf-8"?>
<Project ToolsVersion="4.0" xmlns="http://schemas.microsoft.com/developer/msbuild/2003">
  <ItemGroup>
    <Filter Include="Source Files">
      <UniqueIdentifier>{fa685a9b-9352-4ecb-9b5e-29c8fc3193bf}</UniqueIdentifier>
      <Extensions>cpp;c;cxx;def;r;odl;hpj;bat;for;f90</Extensions>
    </Filter>
    <Filter Include="Header Files">
      <UniqueIdentifier>{95cbae12-c225-4ffc-a3b2-944861ae85b4}</UniqueIdentifier>
      <Extensions>h;hpp;hxx;hm;inl;fi;fd</Extensions>
    </Filter>
    <Filter Include="Resource Files">
      <UniqueIdentifier>{1c950537-91d6-4ee5-8f7c-db5e9f387e9a}</UniqueIdentifier>
      <Extensions>rc;ico;cur;bmp;dlg;rc2;rct;bin;cnt;rtf;gif;jpg;jpeg;jpe</Extensions>
    </Filter>
  </ItemGroup>
  <ItemGroup>
    <ClCompile Include="dataobj.cpp">
      <Filter>Source Files</Filter>
    </ClCompile>
    <ClCompile Include="dispatch.cpp">
      <Filter>Source Files</Filter>
    </ClCompile>
    <ClCompile Include="guid.cpp">
      <Filter>Source Files</Filter>
    </ClCompile>
    <ClCompile Include="iadvsink.cpp">
      <Filter>Source Files</Filter>
    </ClCompile>
    <ClCompile Include="idataobj.cpp">
      <Filter>Source Files</Filter>
    </ClCompile>
    <ClCompile Include="iviewer.cpp">
      <Filter>Source Files</Filter>
    </ClCompile>
    <ClCompile Include="iviewers.cpp">
      <Filter>Source Files</Filter>
    </ClCompile>
    <ClCompile Include="shadow.cpp">
      <Filter>Source Files</Filter>
    </ClCompile>
    <ClCompile Include="stdafx.cpp">
      <Filter>Source Files</Filter>
    </ClCompile>
    <ClCompile Include="tlblist.cpp">
      <Filter>Source Files</Filter>
    </ClCompile>
    <ClCompile Include="tlbodl.cpp">
      <Filter>Source Files</Filter>
    </ClCompile>
    <ClCompile Include="tlbtree.cpp">
      <Filter>Source Files</Filter>
    </ClCompile>
    <ClCompile Include="tree.cpp">
      <Filter>Source Files</Filter>
    </ClCompile>
    <ClCompile Include="typelib.cpp">
      <Filter>Source Files</Filter>
    </ClCompile>
    <ClCompile Include="util.cpp">
      <Filter>Source Files</Filter>
    </ClCompile>
  </ItemGroup>
  <ItemGroup>
    <ResourceCompile Include="iviewers.rc">
      <Filter>Resource Files</Filter>
    </ResourceCompile>
  </ItemGroup>
  <ItemGroup>
    <CustomBuild Include="iviewers.def">
      <Filter>Source Files</Filter>
    </CustomBuild>
    <CustomBuild Include="dataobj.h">
      <Filter>Header Files</Filter>
    </CustomBuild>
    <CustomBuild Include="dispatch.h">
      <Filter>Header Files</Filter>
    </CustomBuild>
    <CustomBuild Include="iadvsink.h">
      <Filter>Header Files</Filter>
    </CustomBuild>
    <CustomBuild Include="idataobj.h">
      <Filter>Header Files</Filter>
    </CustomBuild>
    <CustomBuild Include="iview.h">
      <Filter>Header Files</Filter>
    </CustomBuild>
    <CustomBuild Include="iviewer.h">
      <Filter>Header Files</Filter>
    </CustomBuild>
    <CustomBuild Include="iviewers.h">
      <Filter>Header Files</Filter>
    </CustomBuild>
    <CustomBuild Include="shadow.h">
      <Filter>Header Files</Filter>
    </CustomBuild>
    <CustomBuild Include="stdafx.h">
      <Filter>Header Files</Filter>
    </CustomBuild>
    <CustomBuild Include="tlblist.h">
      <Filter>Header Files</Filter>
    </CustomBuild>
    <CustomBuild Include="tlbodl.h">
      <Filter>Header Files</Filter>
    </CustomBuild>
    <CustomBuild Include="tlbtree.h">
      <Filter>Header Files</Filter>
    </CustomBuild>
    <CustomBuild Include="tree.h">
      <Filter>Header Files</Filter>
    </CustomBuild>
    <CustomBuild Include="typelib.h">
      <Filter>Header Files</Filter>
    </CustomBuild>
    <CustomBuild Include="util.h">
      <Filter>Header Files</Filter>
    </CustomBuild>
    <CustomBuild Include="res\idr_type.ico">
      <Filter>Resource Files</Filter>
    </CustomBuild>
    <CustomBuild Include="res\imagelis.bmp">
      <Filter>Resource Files</Filter>
    </CustomBuild>
    <CustomBuild Include="res\iviewers.rc2">
      <Filter>Resource Files</Filter>
    </CustomBuild>
    <CustomBuild Include="res\toolbar.bmp">
      <Filter>Resource Files</Filter>
    </CustomBuild>
  </ItemGroup>
</Project>